
Microsoft Visual Studio Solution File, Format Version 12.00
# Visual Studio 15
VisualStudioVersion = 15.0.28307.1300
MinimumVisualStudioVersion = 10.0.40219.1
Project("{FAE04EC0-301F-11D3-BF4B-00C04F79EFBC}") = "AKT_019_new_credit_reduced_safeties", "AKT_019_new_credit_reduced_safeties\AKT_019_new_credit_reduced_safeties.csproj", "{42956E60-6EA3-4F93-BDE4-B0F25CF9F697}"
EndProject
Global
	GlobalSection(SolutionConfigurationPlatforms) = preSolution
		Debug|Any CPU = Debug|Any CPU
		Debug|x64 = Debug|x64
		Debug|x86 = Debug|x86
		Release|Any CPU = Release|Any CPU
		Release|x64 = Release|x64
		Release|x86 = Release|x86
	EndGlobalSection
	GlobalSection(ProjectConfigurationPlatforms) = postSolution
		{42956E60-6EA3-4F93-BDE4-B0F25CF9F697}.Debug|Any CPU.ActiveCfg = Debug|Any CPU
		{42956E60-6EA3-4F93-BDE4-B0F25CF9F697}.Debug|Any CPU.Build.0 = Debug|Any CPU
		{42956E60-6EA3-4F93-BDE4-B0F25CF9F697}.Debug|x64.ActiveCfg = Debug|x64
		{42956E60-6EA3-4F93-BDE4-B0F25CF9F697}.Debug|x64.Build.0 = Debug|x64
		{42956E60-6EA3-4F93-BDE4-B0F25CF9F697}.Debug|x86.ActiveCfg = Debug|x86
		{42956E60-6EA3-4F93-BDE4-B0F25CF9F697}.Debug|x86.Build.0 = Debug|x86
		{42956E60-6EA3-4F93-BDE4-B0F25CF9F697}.Release|Any CPU.ActiveCfg = Release|Any CPU
		{42956E60-6EA3-4F93-BDE4-B0F25CF9F697}.Release|Any CPU.Build.0 = Release|Any CPU
		{42956E60-6EA3-4F93-BDE4-B0F25CF9F697}.Release|x64.ActiveCfg = Release|x64
		{42956E60-6EA3-4F93-BDE4-B0F25CF9F697}.Release|x64.Build.0 = Release|x64
		{42956E60-6EA3-4F93-BDE4-B0F25CF9F697}.Release|x86.ActiveCfg = Release|x86
		{42956E60-6EA3-4F93-BDE4-B0F25CF9F697}.Release|x86.Build.0 = Release|x86
	EndGlobalSection
	GlobalSection(SolutionProperties) = preSolution
		HideSolutionNode = FALSE
	EndGlobalSection
	GlobalSection(ExtensibilityGlobals) = postSolution
		SolutionGuid = {0B5A8FA4-445E-478E-B1B9-5C457E016CA1}
	EndGlobalSection
EndGlobal
